
Microsoft Visual Studio Solution File, Format Version 12.00
# Visual Studio Version 17
VisualStudioVersion = 17.12.35514.174 d17.12
MinimumVisualStudioVersion = 10.0.40219.1
Project("{2150E333-8FDC-42A3-9474-1A3956D46DE8}") = "Task0", "Task0", "{E6DFA511-D9E6-48F3-B014-128ADF5769E6}"
EndProject
Project("{FAE04EC0-301F-11D3-BF4B-00C04F79EFBC}") = "Tyuiu.GrabinaSA.Sprint6.Task0.V26.Test", "Tyuiu.GrabinaSA.Sprint6.Task0.V26.Test\Tyuiu.GrabinaSA.Sprint6.Task0.V26.Test.csproj", "{7C81C64D-1A39-4B86-8B39-209391A99F82}"
EndProject
Project("{FAE04EC0-301F-11D3-BF4B-00C04F79EFBC}") = "Tyuiu.GrabinaSA.Sprint6.Task0.V26.Lib", "Tyuiu.GrabinaSA.Sprint6.Task0.V26.Lib\Tyuiu.GrabinaSA.Sprint6.Task0.V26.Lib.csproj", "{48B4E395-C332-4710-ABC6-03DA3F826DC4}"
EndProject
Project("{FAE04EC0-301F-11D3-BF4B-00C04F79EFBC}") = "Tyuiu.GrabinaSA.Sprint6.Task0.V26", "Tyuiu.GrabinaSA.Sprint6.Task0.V26\Tyuiu.GrabinaSA.Sprint6.Task0.V26.csproj", "{995DF9F1-8957-43F9-972C-5E9906B98F25}"
EndProject
Project("{2150E333-8FDC-42A3-9474-1A3956D46DE8}") = "Task1", "Task1", "{5EF5A637-4FC6-47D2-8F45-B0C7998F5DE7}"
EndProject
Project("{FAE04EC0-301F-11D3-BF4B-00C04F79EFBC}") = "Tyuiu.GrabinaSA.Sprint6.Task1.V24.Test", "Tyuiu.GrabinaSA.Sprint6.Task1.V24.Test\Tyuiu.GrabinaSA.Sprint6.Task1.V24.Test.csproj", "{076D85D3-D3F6-4560-800C-75B8B8CD2E36}"
EndProject
Project("{FAE04EC0-301F-11D3-BF4B-00C04F79EFBC}") = "Tyuiu.GrabinaSA.Sprint6.Task1.V24.Lib", "Tyuiu.GrabinaSA.Sprint6.Task1.V24.Lib\Tyuiu.GrabinaSA.Sprint6.Task1.V24.Lib.csproj", "{B0F84C53-C9E6-4036-8CB6-EDAF176D88EE}"
EndProject
Project("{FAE04EC0-301F-11D3-BF4B-00C04F79EFBC}") = "Tyuiu.GrabinaSA.Sprint6.Task1.V24", "Tyuiu.GrabinaSA.Sprint6.Task1.V24\Tyuiu.GrabinaSA.Sprint6.Task1.V24.csproj", "{2EBFDE8C-DE50-4FB2-855F-821F9DA5ABE4}"
EndProject
Global
	GlobalSection(SolutionConfigurationPlatforms) = preSolution
		Debug|Any CPU = Debug|Any CPU
		Release|Any CPU = Release|Any CPU
	EndGlobalSection
	GlobalSection(ProjectConfigurationPlatforms) = postSolution
		{7C81C64D-1A39-4B86-8B39-209391A99F82}.Debug|Any CPU.ActiveCfg = Debug|Any CPU
		{7C81C64D-1A39-4B86-8B39-209391A99F82}.Debug|Any CPU.Build.0 = Debug|Any CPU
		{7C81C64D-1A39-4B86-8B39-209391A99F82}.Release|Any CPU.ActiveCfg = Release|Any CPU
		{7C81C64D-1A39-4B86-8B39-209391A99F82}.Release|Any CPU.Build.0 = Release|Any CPU
		{48B4E395-C332-4710-ABC6-03DA3F826DC4}.Debug|Any CPU.ActiveCfg = Debug|Any CPU
		{48B4E395-C332-4710-ABC6-03DA3F826DC4}.Debug|Any CPU.Build.0 = Debug|Any CPU
		{48B4E395-C332-4710-ABC6-03DA3F826DC4}.Release|Any CPU.ActiveCfg = Release|Any CPU
		{48B4E395-C332-4710-ABC6-03DA3F826DC4}.Release|Any CPU.Build.0 = Release|Any CPU
		{995DF9F1-8957-43F9-972C-5E9906B98F25}.Debug|Any CPU.ActiveCfg = Debug|Any CPU
		{995DF9F1-8957-43F9-972C-5E9906B98F25}.Debug|Any CPU.Build.0 = Debug|Any CPU
		{995DF9F1-8957-43F9-972C-5E9906B98F25}.Release|Any CPU.ActiveCfg = Release|Any CPU
		{995DF9F1-8957-43F9-972C-5E9906B98F25}.Release|Any CPU.Build.0 = Release|Any CPU
		{076D85D3-D3F6-4560-800C-75B8B8CD2E36}.Debug|Any CPU.ActiveCfg = Debug|Any CPU
		{076D85D3-D3F6-4560-800C-75B8B8CD2E36}.Debug|Any CPU.Build.0 = Debug|Any CPU
		{076D85D3-D3F6-4560-800C-75B8B8CD2E36}.Release|Any CPU.ActiveCfg = Release|Any CPU
		{076D85D3-D3F6-4560-800C-75B8B8CD2E36}.Release|Any CPU.Build.0 = Release|Any CPU
		{B0F84C53-C9E6-4036-8CB6-EDAF176D88EE}.Debug|Any CPU.ActiveCfg = Debug|Any CPU
		{B0F84C53-C9E6-4036-8CB6-EDAF176D88EE}.Debug|Any CPU.Build.0 = Debug|Any CPU
		{B0F84C53-C9E6-4036-8CB6-EDAF176D88EE}.Release|Any CPU.ActiveCfg = Release|Any CPU
		{B0F84C53-C9E6-4036-8CB6-EDAF176D88EE}.Release|Any CPU.Build.0 = Release|Any CPU
		{2EBFDE8C-DE50-4FB2-855F-821F9DA5ABE4}.Debug|Any CPU.ActiveCfg = Debug|Any CPU
		{2EBFDE8C-DE50-4FB2-855F-821F9DA5ABE4}.Debug|Any CPU.Build.0 = Debug|Any CPU
		{2EBFDE8C-DE50-4FB2-855F-821F9DA5ABE4}.Release|Any CPU.ActiveCfg = Release|Any CPU
		{2EBFDE8C-DE50-4FB2-855F-821F9DA5ABE4}.Release|Any CPU.Build.0 = Release|Any CPU
	EndGlobalSection
	GlobalSection(SolutionProperties) = preSolution
		HideSolutionNode = FALSE
	EndGlobalSection
	GlobalSection(NestedProjects) = preSolution
		{7C81C64D-1A39-4B86-8B39-209391A99F82} = {E6DFA511-D9E6-48F3-B014-128ADF5769E6}
		{48B4E395-C332-4710-ABC6-03DA3F826DC4} = {E6DFA511-D9E6-48F3-B014-128ADF5769E6}
		{995DF9F1-8957-43F9-972C-5E9906B98F25} = {E6DFA511-D9E6-48F3-B014-128ADF5769E6}
		{076D85D3-D3F6-4560-800C-75B8B8CD2E36} = {5EF5A637-4FC6-47D2-8F45-B0C7998F5DE7}
		{B0F84C53-C9E6-4036-8CB6-EDAF176D88EE} = {5EF5A637-4FC6-47D2-8F45-B0C7998F5DE7}
		{2EBFDE8C-DE50-4FB2-855F-821F9DA5ABE4} = {5EF5A637-4FC6-47D2-8F45-B0C7998F5DE7}
	EndGlobalSection
EndGlobal
