
Microsoft Visual Studio Solution File, Format Version 12.00
# Visual Studio Version 17
VisualStudioVersion = 17.12.35514.174 d17.12
MinimumVisualStudioVersion = 10.0.40219.1
Project("{2150E333-8FDC-42A3-9474-1A3956D46DE8}") = "Task0", "Task0", "{E6DFA511-D9E6-48F3-B014-128ADF5769E6}"
EndProject
Project("{FAE04EC0-301F-11D3-BF4B-00C04F79EFBC}") = "Tyuiu.GrabinaSA.Sprint6.Task0.V26.Test", "Tyuiu.GrabinaSA.Sprint6.Task0.V26.Test\Tyuiu.GrabinaSA.Sprint6.Task0.V26.Test.csproj", "{7C81C64D-1A39-4B86-8B39-209391A99F82}"
EndProject
Project("{FAE04EC0-301F-11D3-BF4B-00C04F79EFBC}") = "Tyuiu.GrabinaSA.Sprint6.Task0.V26.Lib", "Tyuiu.GrabinaSA.Sprint6.Task0.V26.Lib\Tyuiu.GrabinaSA.Sprint6.Task0.V26.Lib.csproj", "{48B4E395-C332-4710-ABC6-03DA3F826DC4}"
EndProject
Project("{FAE04EC0-301F-11D3-BF4B-00C04F79EFBC}") = "Tyuiu.GrabinaSA.Sprint6.Task0.V26", "Tyuiu.GrabinaSA.Sprint6.Task0.V26\Tyuiu.GrabinaSA.Sprint6.Task0.V26.csproj", "{995DF9F1-8957-43F9-972C-5E9906B98F25}"
EndProject
Project("{2150E333-8FDC-42A3-9474-1A3956D46DE8}") = "Task1", "Task1", "{5EF5A637-4FC6-47D2-8F45-B0C7998F5DE7}"
EndProject
Project("{FAE04EC0-301F-11D3-BF4B-00C04F79EFBC}") = "Tyuiu.GrabinaSA.Sprint6.Task1.V24.Test", "Tyuiu.GrabinaSA.Sprint6.Task1.V24.Test\Tyuiu.GrabinaSA.Sprint6.Task1.V24.Test.csproj", "{076D85D3-D3F6-4560-800C-75B8B8CD2E36}"
EndProject
Project("{FAE04EC0-301F-11D3-BF4B-00C04F79EFBC}") = "Tyuiu.GrabinaSA.Sprint6.Task1.V24.Lib", "Tyuiu.GrabinaSA.Sprint6.Task1.V24.Lib\Tyuiu.GrabinaSA.Sprint6.Task1.V24.Lib.csproj", "{B0F84C53-C9E6-4036-8CB6-EDAF176D88EE}"
EndProject
Project("{FAE04EC0-301F-11D3-BF4B-00C04F79EFBC}") = "Tyuiu.GrabinaSA.Sprint6.Task1.V24", "Tyuiu.GrabinaSA.Sprint6.Task1.V24\Tyuiu.GrabinaSA.Sprint6.Task1.V24.csproj", "{2EBFDE8C-DE50-4FB2-855F-821F9DA5ABE4}"
EndProject
Project("{2150E333-8FDC-42A3-9474-1A3956D46DE8}") = "Task2", "Task2", "{0AD8AA64-DE44-4964-A4FD-BB1C3F5CFEE8}"
EndProject
Project("{FAE04EC0-301F-11D3-BF4B-00C04F79EFBC}") = "Tyuiu.GrabinaSA.Sprint6.Task2.V9.Test", "Tyuiu.GrabinaSA.Sprint6.Task2.V9.Test\Tyuiu.GrabinaSA.Sprint6.Task2.V9.Test.csproj", "{4209F3D9-4B88-431B-9504-119C84CBEED7}"
EndProject
Project("{FAE04EC0-301F-11D3-BF4B-00C04F79EFBC}") = "Tyuiu.GrabinaSA.Sprint6.Task2.V9.Lib", "Tyuiu.GrabinaSA.Sprint6.Task2.V9.Lib\Tyuiu.GrabinaSA.Sprint6.Task2.V9.Lib.csproj", "{24948A17-B22A-476B-8DCA-49421EFAC8D2}"
EndProject
Project("{FAE04EC0-301F-11D3-BF4B-00C04F79EFBC}") = "Tyuiu.GrabinaSA.Sprint6.Task2.V9", "Tyuiu.GrabinaSA.Sprint6.Task2.V9\Tyuiu.GrabinaSA.Sprint6.Task2.V9.csproj", "{B25EA040-BCA5-4EC4-B597-FD30B00C06AA}"
EndProject
Project("{2150E333-8FDC-42A3-9474-1A3956D46DE8}") = "Task3", "Task3", "{89AF8BE3-C07C-4B9D-91E6-B6F82D38361D}"
EndProject
Project("{FAE04EC0-301F-11D3-BF4B-00C04F79EFBC}") = "Tyuiu.GrabinaSA.Sprint6.Task3.V3.Test", "Tyuiu.GrabinaSA.Sprint6.Task3.V3.Test\Tyuiu.GrabinaSA.Sprint6.Task3.V3.Test.csproj", "{4E3712FD-7E93-4E23-9277-1CD2EB36F355}"
EndProject
Project("{FAE04EC0-301F-11D3-BF4B-00C04F79EFBC}") = "Tyuiu.GrabinaSA.Sprint6.Task3.V3.Lib", "Tyuiu.GrabinaSA.Sprint6.Task3.V3.Lib\Tyuiu.GrabinaSA.Sprint6.Task3.V3.Lib.csproj", "{1BE96C18-7517-4318-8763-1360DEBFBE96}"
EndProject
Project("{FAE04EC0-301F-11D3-BF4B-00C04F79EFBC}") = "Tyuiu.GrabinaSA.Sprint6.Task3.V3", "Tyuiu.GrabinaSA.Sprint6.Task3.V3\Tyuiu.GrabinaSA.Sprint6.Task3.V3.csproj", "{B513C50E-7B84-4CD4-B9D9-BBFC3FCA88B8}"
EndProject
Project("{2150E333-8FDC-42A3-9474-1A3956D46DE8}") = "Task4", "Task4", "{334EDF8B-C729-4BC0-BBCA-CF22096A8882}"
EndProject
Project("{FAE04EC0-301F-11D3-BF4B-00C04F79EFBC}") = "Tyuiu.GrabinaSA.Sprint6.Task4.V24.Test", "Tyuiu.GrabinaSA.Sprint6.Task4.V24.Test\Tyuiu.GrabinaSA.Sprint6.Task4.V24.Test.csproj", "{7F279E81-8422-46C5-B444-4990D39D1A64}"
EndProject
Project("{FAE04EC0-301F-11D3-BF4B-00C04F79EFBC}") = "Tyuiu.GrabinaSA.Sprint6.Task4.V24.Lib", "Tyuiu.GrabinaSA.Sprint6.Task4.V24.Lib\Tyuiu.GrabinaSA.Sprint6.Task4.V24.Lib.csproj", "{4FBC330D-1DAE-4D74-B139-9E76C020BB62}"
EndProject
Project("{FAE04EC0-301F-11D3-BF4B-00C04F79EFBC}") = "Tyuiu.GrabinaSA.Sprint6.Task4.V24", "Tyuiu.GrabinaSA.Sprint6.Task4.V24\Tyuiu.GrabinaSA.Sprint6.Task4.V24.csproj", "{7B6886D1-91D0-4B32-B589-2532F9EE8D45}"
EndProject
Project("{2150E333-8FDC-42A3-9474-1A3956D46DE8}") = "Task5", "Task5", "{7D1175C7-CEFA-4511-8EE0-D1E2383B0319}"
EndProject
Project("{FAE04EC0-301F-11D3-BF4B-00C04F79EFBC}") = "Tyuiu.GrabinaSA.Sprint6.Task5.V18.Test", "Tyuiu.GrabinaSA.Sprint6.Task5.V18.Test\Tyuiu.GrabinaSA.Sprint6.Task5.V18.Test.csproj", "{4122EC06-539D-464F-A401-AFAF635B3535}"
EndProject
Project("{FAE04EC0-301F-11D3-BF4B-00C04F79EFBC}") = "Tyuiu.GrabinaSA.Sprint6.Task5.V18.Lib", "Tyuiu.GrabinaSA.Sprint6.Task5.V18.Lib\Tyuiu.GrabinaSA.Sprint6.Task5.V18.Lib.csproj", "{D392E379-A4E9-4FEC-B6CA-87D2123C3B33}"
EndProject
Project("{FAE04EC0-301F-11D3-BF4B-00C04F79EFBC}") = "Tyuiu.GrabinaSA.Sprint6.Task5.V18", "Tyuiu.GrabinaSA.Sprint6.Task5.V18\Tyuiu.GrabinaSA.Sprint6.Task5.V18.csproj", "{8235F3F6-0116-4D1C-AAC1-E5D0310E44E5}"
EndProject
Project("{2150E333-8FDC-42A3-9474-1A3956D46DE8}") = "Task6", "Task6", "{A2152E7D-17FA-45F1-9C62-A41321269EB9}"
EndProject
Project("{FAE04EC0-301F-11D3-BF4B-00C04F79EFBC}") = "Tyuiu.GrabinaSA.Sprint6.Task6.V20.Test", "Tyuiu.GrabinaSA.Sprint6.Task6.V20.Test\Tyuiu.GrabinaSA.Sprint6.Task6.V20.Test.csproj", "{F37A88ED-87DC-49BD-8CA2-71DCC88D3DA8}"
EndProject
Project("{FAE04EC0-301F-11D3-BF4B-00C04F79EFBC}") = "Tyuiu.GrabinaSA.Sprint6.Task6.V20.Lib", "Tyuiu.GrabinaSA.Sprint6.Task6.V20.Lib\Tyuiu.GrabinaSA.Sprint6.Task6.V20.Lib.csproj", "{FE8D4286-C6ED-4595-AF8D-A424EAE0DA3B}"
EndProject
Project("{FAE04EC0-301F-11D3-BF4B-00C04F79EFBC}") = "Tyuiu.GrabinaSA.Sprint6.Task6.V20", "Tyuiu.GrabinaSA.Sprint6.Task6.V20\Tyuiu.GrabinaSA.Sprint6.Task6.V20.csproj", "{E7AB5B81-9B8A-46C7-A92D-24BFDA521113}"
EndProject
Global
	GlobalSection(SolutionConfigurationPlatforms) = preSolution
		Debug|Any CPU = Debug|Any CPU
		Release|Any CPU = Release|Any CPU
	EndGlobalSection
	GlobalSection(ProjectConfigurationPlatforms) = postSolution
		{7C81C64D-1A39-4B86-8B39-209391A99F82}.Debug|Any CPU.ActiveCfg = Debug|Any CPU
		{7C81C64D-1A39-4B86-8B39-209391A99F82}.Debug|Any CPU.Build.0 = Debug|Any CPU
		{7C81C64D-1A39-4B86-8B39-209391A99F82}.Release|Any CPU.ActiveCfg = Release|Any CPU
		{7C81C64D-1A39-4B86-8B39-209391A99F82}.Release|Any CPU.Build.0 = Release|Any CPU
		{48B4E395-C332-4710-ABC6-03DA3F826DC4}.Debug|Any CPU.ActiveCfg = Debug|Any CPU
		{48B4E395-C332-4710-ABC6-03DA3F826DC4}.Debug|Any CPU.Build.0 = Debug|Any CPU
		{48B4E395-C332-4710-ABC6-03DA3F826DC4}.Release|Any CPU.ActiveCfg = Release|Any CPU
		{48B4E395-C332-4710-ABC6-03DA3F826DC4}.Release|Any CPU.Build.0 = Release|Any CPU
		{995DF9F1-8957-43F9-972C-5E9906B98F25}.Debug|Any CPU.ActiveCfg = Debug|Any CPU
		{995DF9F1-8957-43F9-972C-5E9906B98F25}.Debug|Any CPU.Build.0 = Debug|Any CPU
		{995DF9F1-8957-43F9-972C-5E9906B98F25}.Release|Any CPU.ActiveCfg = Release|Any CPU
		{995DF9F1-8957-43F9-972C-5E9906B98F25}.Release|Any CPU.Build.0 = Release|Any CPU
		{076D85D3-D3F6-4560-800C-75B8B8CD2E36}.Debug|Any CPU.ActiveCfg = Debug|Any CPU
		{076D85D3-D3F6-4560-800C-75B8B8CD2E36}.Debug|Any CPU.Build.0 = Debug|Any CPU
		{076D85D3-D3F6-4560-800C-75B8B8CD2E36}.Release|Any CPU.ActiveCfg = Release|Any CPU
		{076D85D3-D3F6-4560-800C-75B8B8CD2E36}.Release|Any CPU.Build.0 = Release|Any CPU
		{B0F84C53-C9E6-4036-8CB6-EDAF176D88EE}.Debug|Any CPU.ActiveCfg = Debug|Any CPU
		{B0F84C53-C9E6-4036-8CB6-EDAF176D88EE}.Debug|Any CPU.Build.0 = Debug|Any CPU
		{B0F84C53-C9E6-4036-8CB6-EDAF176D88EE}.Release|Any CPU.ActiveCfg = Release|Any CPU
		{B0F84C53-C9E6-4036-8CB6-EDAF176D88EE}.Release|Any CPU.Build.0 = Release|Any CPU
		{2EBFDE8C-DE50-4FB2-855F-821F9DA5ABE4}.Debug|Any CPU.ActiveCfg = Debug|Any CPU
		{2EBFDE8C-DE50-4FB2-855F-821F9DA5ABE4}.Debug|Any CPU.Build.0 = Debug|Any CPU
		{2EBFDE8C-DE50-4FB2-855F-821F9DA5ABE4}.Release|Any CPU.ActiveCfg = Release|Any CPU
		{2EBFDE8C-DE50-4FB2-855F-821F9DA5ABE4}.Release|Any CPU.Build.0 = Release|Any CPU
		{4209F3D9-4B88-431B-9504-119C84CBEED7}.Debug|Any CPU.ActiveCfg = Debug|Any CPU
		{4209F3D9-4B88-431B-9504-119C84CBEED7}.Debug|Any CPU.Build.0 = Debug|Any CPU
		{4209F3D9-4B88-431B-9504-119C84CBEED7}.Release|Any CPU.ActiveCfg = Release|Any CPU
		{4209F3D9-4B88-431B-9504-119C84CBEED7}.Release|Any CPU.Build.0 = Release|Any CPU
		{24948A17-B22A-476B-8DCA-49421EFAC8D2}.Debug|Any CPU.ActiveCfg = Debug|Any CPU
		{24948A17-B22A-476B-8DCA-49421EFAC8D2}.Debug|Any CPU.Build.0 = Debug|Any CPU
		{24948A17-B22A-476B-8DCA-49421EFAC8D2}.Release|Any CPU.ActiveCfg = Release|Any CPU
		{24948A17-B22A-476B-8DCA-49421EFAC8D2}.Release|Any CPU.Build.0 = Release|Any CPU
		{B25EA040-BCA5-4EC4-B597-FD30B00C06AA}.Debug|Any CPU.ActiveCfg = Debug|Any CPU
		{B25EA040-BCA5-4EC4-B597-FD30B00C06AA}.Debug|Any CPU.Build.0 = Debug|Any CPU
		{B25EA040-BCA5-4EC4-B597-FD30B00C06AA}.Release|Any CPU.ActiveCfg = Release|Any CPU
		{B25EA040-BCA5-4EC4-B597-FD30B00C06AA}.Release|Any CPU.Build.0 = Release|Any CPU
		{4E3712FD-7E93-4E23-9277-1CD2EB36F355}.Debug|Any CPU.ActiveCfg = Debug|Any CPU
		{4E3712FD-7E93-4E23-9277-1CD2EB36F355}.Debug|Any CPU.Build.0 = Debug|Any CPU
		{4E3712FD-7E93-4E23-9277-1CD2EB36F355}.Release|Any CPU.ActiveCfg = Release|Any CPU
		{4E3712FD-7E93-4E23-9277-1CD2EB36F355}.Release|Any CPU.Build.0 = Release|Any CPU
		{1BE96C18-7517-4318-8763-1360DEBFBE96}.Debug|Any CPU.ActiveCfg = Debug|Any CPU
		{1BE96C18-7517-4318-8763-1360DEBFBE96}.Debug|Any CPU.Build.0 = Debug|Any CPU
		{1BE96C18-7517-4318-8763-1360DEBFBE96}.Release|Any CPU.ActiveCfg = Release|Any CPU
		{1BE96C18-7517-4318-8763-1360DEBFBE96}.Release|Any CPU.Build.0 = Release|Any CPU
		{B513C50E-7B84-4CD4-B9D9-BBFC3FCA88B8}.Debug|Any CPU.ActiveCfg = Debug|Any CPU
		{B513C50E-7B84-4CD4-B9D9-BBFC3FCA88B8}.Debug|Any CPU.Build.0 = Debug|Any CPU
		{B513C50E-7B84-4CD4-B9D9-BBFC3FCA88B8}.Release|Any CPU.ActiveCfg = Release|Any CPU
		{B513C50E-7B84-4CD4-B9D9-BBFC3FCA88B8}.Release|Any CPU.Build.0 = Release|Any CPU
		{7F279E81-8422-46C5-B444-4990D39D1A64}.Debug|Any CPU.ActiveCfg = Debug|Any CPU
		{7F279E81-8422-46C5-B444-4990D39D1A64}.Debug|Any CPU.Build.0 = Debug|Any CPU
		{7F279E81-8422-46C5-B444-4990D39D1A64}.Release|Any CPU.ActiveCfg = Release|Any CPU
		{7F279E81-8422-46C5-B444-4990D39D1A64}.Release|Any CPU.Build.0 = Release|Any CPU
		{4FBC330D-1DAE-4D74-B139-9E76C020BB62}.Debug|Any CPU.ActiveCfg = Debug|Any CPU
		{4FBC330D-1DAE-4D74-B139-9E76C020BB62}.Debug|Any CPU.Build.0 = Debug|Any CPU
		{4FBC330D-1DAE-4D74-B139-9E76C020BB62}.Release|Any CPU.ActiveCfg = Release|Any CPU
		{4FBC330D-1DAE-4D74-B139-9E76C020BB62}.Release|Any CPU.Build.0 = Release|Any CPU
		{7B6886D1-91D0-4B32-B589-2532F9EE8D45}.Debug|Any CPU.ActiveCfg = Debug|Any CPU
		{7B6886D1-91D0-4B32-B589-2532F9EE8D45}.Debug|Any CPU.Build.0 = Debug|Any CPU
		{7B6886D1-91D0-4B32-B589-2532F9EE8D45}.Release|Any CPU.ActiveCfg = Release|Any CPU
		{7B6886D1-91D0-4B32-B589-2532F9EE8D45}.Release|Any CPU.Build.0 = Release|Any CPU
		{4122EC06-539D-464F-A401-AFAF635B3535}.Debug|Any CPU.ActiveCfg = Debug|Any CPU
		{4122EC06-539D-464F-A401-AFAF635B3535}.Debug|Any CPU.Build.0 = Debug|Any CPU
		{4122EC06-539D-464F-A401-AFAF635B3535}.Release|Any CPU.ActiveCfg = Release|Any CPU
		{4122EC06-539D-464F-A401-AFAF635B3535}.Release|Any CPU.Build.0 = Release|Any CPU
		{D392E379-A4E9-4FEC-B6CA-87D2123C3B33}.Debug|Any CPU.ActiveCfg = Debug|Any CPU
		{D392E379-A4E9-4FEC-B6CA-87D2123C3B33}.Debug|Any CPU.Build.0 = Debug|Any CPU
		{D392E379-A4E9-4FEC-B6CA-87D2123C3B33}.Release|Any CPU.ActiveCfg = Release|Any CPU
		{D392E379-A4E9-4FEC-B6CA-87D2123C3B33}.Release|Any CPU.Build.0 = Release|Any CPU
		{8235F3F6-0116-4D1C-AAC1-E5D0310E44E5}.Debug|Any CPU.ActiveCfg = Debug|Any CPU
		{8235F3F6-0116-4D1C-AAC1-E5D0310E44E5}.Debug|Any CPU.Build.0 = Debug|Any CPU
		{8235F3F6-0116-4D1C-AAC1-E5D0310E44E5}.Release|Any CPU.ActiveCfg = Release|Any CPU
		{8235F3F6-0116-4D1C-AAC1-E5D0310E44E5}.Release|Any CPU.Build.0 = Release|Any CPU
		{F37A88ED-87DC-49BD-8CA2-71DCC88D3DA8}.Debug|Any CPU.ActiveCfg = Debug|Any CPU
		{F37A88ED-87DC-49BD-8CA2-71DCC88D3DA8}.Debug|Any CPU.Build.0 = Debug|Any CPU
		{F37A88ED-87DC-49BD-8CA2-71DCC88D3DA8}.Release|Any CPU.ActiveCfg = Release|Any CPU
		{F37A88ED-87DC-49BD-8CA2-71DCC88D3DA8}.Release|Any CPU.Build.0 = Release|Any CPU
		{FE8D4286-C6ED-4595-AF8D-A424EAE0DA3B}.Debug|Any CPU.ActiveCfg = Debug|Any CPU
		{FE8D4286-C6ED-4595-AF8D-A424EAE0DA3B}.Debug|Any CPU.Build.0 = Debug|Any CPU
		{FE8D4286-C6ED-4595-AF8D-A424EAE0DA3B}.Release|Any CPU.ActiveCfg = Release|Any CPU
		{FE8D4286-C6ED-4595-AF8D-A424EAE0DA3B}.Release|Any CPU.Build.0 = Release|Any CPU
		{E7AB5B81-9B8A-46C7-A92D-24BFDA521113}.Debug|Any CPU.ActiveCfg = Debug|Any CPU
		{E7AB5B81-9B8A-46C7-A92D-24BFDA521113}.Debug|Any CPU.Build.0 = Debug|Any CPU
		{E7AB5B81-9B8A-46C7-A92D-24BFDA521113}.Release|Any CPU.ActiveCfg = Release|Any CPU
		{E7AB5B81-9B8A-46C7-A92D-24BFDA521113}.Release|Any CPU.Build.0 = Release|Any CPU
	EndGlobalSection
	GlobalSection(SolutionProperties) = preSolution
		HideSolutionNode = FALSE
	EndGlobalSection
	GlobalSection(NestedProjects) = preSolution
		{7C81C64D-1A39-4B86-8B39-209391A99F82} = {E6DFA511-D9E6-48F3-B014-128ADF5769E6}
		{48B4E395-C332-4710-ABC6-03DA3F826DC4} = {E6DFA511-D9E6-48F3-B014-128ADF5769E6}
		{995DF9F1-8957-43F9-972C-5E9906B98F25} = {E6DFA511-D9E6-48F3-B014-128ADF5769E6}
		{076D85D3-D3F6-4560-800C-75B8B8CD2E36} = {5EF5A637-4FC6-47D2-8F45-B0C7998F5DE7}
		{B0F84C53-C9E6-4036-8CB6-EDAF176D88EE} = {5EF5A637-4FC6-47D2-8F45-B0C7998F5DE7}
		{2EBFDE8C-DE50-4FB2-855F-821F9DA5ABE4} = {5EF5A637-4FC6-47D2-8F45-B0C7998F5DE7}
		{4209F3D9-4B88-431B-9504-119C84CBEED7} = {0AD8AA64-DE44-4964-A4FD-BB1C3F5CFEE8}
		{24948A17-B22A-476B-8DCA-49421EFAC8D2} = {0AD8AA64-DE44-4964-A4FD-BB1C3F5CFEE8}
		{B25EA040-BCA5-4EC4-B597-FD30B00C06AA} = {0AD8AA64-DE44-4964-A4FD-BB1C3F5CFEE8}
		{4E3712FD-7E93-4E23-9277-1CD2EB36F355} = {89AF8BE3-C07C-4B9D-91E6-B6F82D38361D}
		{1BE96C18-7517-4318-8763-1360DEBFBE96} = {89AF8BE3-C07C-4B9D-91E6-B6F82D38361D}
		{B513C50E-7B84-4CD4-B9D9-BBFC3FCA88B8} = {89AF8BE3-C07C-4B9D-91E6-B6F82D38361D}
		{7F279E81-8422-46C5-B444-4990D39D1A64} = {334EDF8B-C729-4BC0-BBCA-CF22096A8882}
		{4FBC330D-1DAE-4D74-B139-9E76C020BB62} = {334EDF8B-C729-4BC0-BBCA-CF22096A8882}
		{7B6886D1-91D0-4B32-B589-2532F9EE8D45} = {334EDF8B-C729-4BC0-BBCA-CF22096A8882}
		{4122EC06-539D-464F-A401-AFAF635B3535} = {7D1175C7-CEFA-4511-8EE0-D1E2383B0319}
		{D392E379-A4E9-4FEC-B6CA-87D2123C3B33} = {7D1175C7-CEFA-4511-8EE0-D1E2383B0319}
		{8235F3F6-0116-4D1C-AAC1-E5D0310E44E5} = {7D1175C7-CEFA-4511-8EE0-D1E2383B0319}
		{F37A88ED-87DC-49BD-8CA2-71DCC88D3DA8} = {A2152E7D-17FA-45F1-9C62-A41321269EB9}
		{FE8D4286-C6ED-4595-AF8D-A424EAE0DA3B} = {A2152E7D-17FA-45F1-9C62-A41321269EB9}
		{E7AB5B81-9B8A-46C7-A92D-24BFDA521113} = {A2152E7D-17FA-45F1-9C62-A41321269EB9}
	EndGlobalSection
EndGlobal
